
Microsoft Visual Studio Solution File, Format Version 12.00
# Visual Studio Version 16
VisualStudioVersion = 16.0.30523.141
MinimumVisualStudioVersion = 10.0.40219.1
Project("{9A19103F-16F7-4668-BE54-9A1E7A4F7556}") = "PostService", "PostService\PostService.csproj", "{9ABE4851-C625-4882-A14F-158AAB90C06A}"
EndProject
Project("{9A19103F-16F7-4668-BE54-9A1E7A4F7556}") = "PostService.Tests", "PostService.Tests\PostService.Tests.csproj", "{6D0E6360-2D74-472A-870E-8659E1C18B23}"
EndProject
Project("{9A19103F-16F7-4668-BE54-9A1E7A4F7556}") = "AccountService", "AccountService\AccountService.csproj", "{3C8BC742-0AFA-4904-9A4F-D481A38BD62E}"
EndProject
Project("{FAE04EC0-301F-11D3-BF4B-00C04F79EFBC}") = "GroupService", "GroupService\GroupService.csproj", "{0789ABF7-3C49-4842-8718-14AE3A8FB58A}"
EndProject
Global
	GlobalSection(SolutionConfigurationPlatforms) = preSolution
		Debug|Any CPU = Debug|Any CPU
		Release|Any CPU = Release|Any CPU
	EndGlobalSection
	GlobalSection(ProjectConfigurationPlatforms) = postSolution
		{9ABE4851-C625-4882-A14F-158AAB90C06A}.Debug|Any CPU.ActiveCfg = Debug|Any CPU
		{9ABE4851-C625-4882-A14F-158AAB90C06A}.Debug|Any CPU.Build.0 = Debug|Any CPU
		{9ABE4851-C625-4882-A14F-158AAB90C06A}.Release|Any CPU.ActiveCfg = Release|Any CPU
		{9ABE4851-C625-4882-A14F-158AAB90C06A}.Release|Any CPU.Build.0 = Release|Any CPU
		{6D0E6360-2D74-472A-870E-8659E1C18B23}.Debug|Any CPU.ActiveCfg = Debug|Any CPU
		{6D0E6360-2D74-472A-870E-8659E1C18B23}.Debug|Any CPU.Build.0 = Debug|Any CPU
		{6D0E6360-2D74-472A-870E-8659E1C18B23}.Release|Any CPU.ActiveCfg = Release|Any CPU
		{6D0E6360-2D74-472A-870E-8659E1C18B23}.Release|Any CPU.Build.0 = Release|Any CPU
		{3C8BC742-0AFA-4904-9A4F-D481A38BD62E}.Debug|Any CPU.ActiveCfg = Debug|Any CPU
		{3C8BC742-0AFA-4904-9A4F-D481A38BD62E}.Debug|Any CPU.Build.0 = Debug|Any CPU
		{3C8BC742-0AFA-4904-9A4F-D481A38BD62E}.Release|Any CPU.ActiveCfg = Release|Any CPU
		{3C8BC742-0AFA-4904-9A4F-D481A38BD62E}.Release|Any CPU.Build.0 = Release|Any CPU
		{0789ABF7-3C49-4842-8718-14AE3A8FB58A}.Debug|Any CPU.ActiveCfg = Debug|Any CPU
		{0789ABF7-3C49-4842-8718-14AE3A8FB58A}.Debug|Any CPU.Build.0 = Debug|Any CPU
		{0789ABF7-3C49-4842-8718-14AE3A8FB58A}.Release|Any CPU.ActiveCfg = Release|Any CPU
		{0789ABF7-3C49-4842-8718-14AE3A8FB58A}.Release|Any CPU.Build.0 = Release|Any CPU
	EndGlobalSection
	GlobalSection(SolutionProperties) = preSolution
		HideSolutionNode = FALSE
	EndGlobalSection
	GlobalSection(ExtensibilityGlobals) = postSolution
		SolutionGuid = {A7877D9F-945A-40EC-98DA-8186043583CA}
	EndGlobalSection
EndGlobal
